
Microsoft Visual Studio Solution File, Format Version 12.00
# Visual Studio Version 17
VisualStudioVersion = 17.9.34902.65
MinimumVisualStudioVersion = 10.0.40219.1
Project("{FAE04EC0-301F-11D3-BF4B-00C04F79EFBC}") = "WindowsFormsApp2", "WindowsFormsApp2\WindowsFormsApp2.csproj", "{27C4267E-FDE1-4401-B747-F97C03E2909D}"
EndProject
Project("{FAE04EC0-301F-11D3-BF4B-00C04F79EFBC}") = "MyClass", "MyClass\MyClass.csproj", "{FBEE5AEF-06B5-424A-AC5A-2E36AB3FB9E8}"
EndProject
Global
	GlobalSection(SolutionConfigurationPlatforms) = preSolution
		Debug|Any CPU = Debug|Any CPU
		Release|Any CPU = Release|Any CPU
	EndGlobalSection
	GlobalSection(ProjectConfigurationPlatforms) = postSolution
		{27C4267E-FDE1-4401-B747-F97C03E2909D}.Debug|Any CPU.ActiveCfg = Debug|Any CPU
		{27C4267E-FDE1-4401-B747-F97C03E2909D}.Debug|Any CPU.Build.0 = Debug|Any CPU
		{27C4267E-FDE1-4401-B747-F97C03E2909D}.Release|Any CPU.ActiveCfg = Release|Any CPU
		{27C4267E-FDE1-4401-B747-F97C03E2909D}.Release|Any CPU.Build.0 = Release|Any CPU
		{FBEE5AEF-06B5-424A-AC5A-2E36AB3FB9E8}.Debug|Any CPU.ActiveCfg = Debug|Any CPU
		{FBEE5AEF-06B5-424A-AC5A-2E36AB3FB9E8}.Debug|Any CPU.Build.0 = Debug|Any CPU
		{FBEE5AEF-06B5-424A-AC5A-2E36AB3FB9E8}.Release|Any CPU.ActiveCfg = Release|Any CPU
		{FBEE5AEF-06B5-424A-AC5A-2E36AB3FB9E8}.Release|Any CPU.Build.0 = Release|Any CPU
	EndGlobalSection
	GlobalSection(SolutionProperties) = preSolution
		HideSolutionNode = FALSE
	EndGlobalSection
	GlobalSection(ExtensibilityGlobals) = postSolution
		SolutionGuid = {464AF67E-7312-4234-B005-BF3EE8800486}
	EndGlobalSection
EndGlobal
